
Microsoft Visual Studio Solution File, Format Version 12.00
# Visual Studio Version 16
VisualStudioVersion = 16.0.32106.194
MinimumVisualStudioVersion = 10.0.40219.1
Project("{FAE04EC0-301F-11D3-BF4B-00C04F79EFBC}") = "C24", "C24\C24.csproj", "{669CA80F-FA1A-4349-BBDC-339DAC1BE5EB}"
EndProject
Global
	GlobalSection(SolutionConfigurationPlatforms) = preSolution
		Debug|Any CPU = Debug|Any CPU
		Release|Any CPU = Release|Any CPU
	EndGlobalSection
	GlobalSection(ProjectConfigurationPlatforms) = postSolution
		{669CA80F-FA1A-4349-BBDC-339DAC1BE5EB}.Debug|Any CPU.ActiveCfg = Debug|Any CPU
		{669CA80F-FA1A-4349-BBDC-339DAC1BE5EB}.Debug|Any CPU.Build.0 = Debug|Any CPU
		{669CA80F-FA1A-4349-BBDC-339DAC1BE5EB}.Release|Any CPU.ActiveCfg = Release|Any CPU
		{669CA80F-FA1A-4349-BBDC-339DAC1BE5EB}.Release|Any CPU.Build.0 = Release|Any CPU
	EndGlobalSection
	GlobalSection(SolutionProperties) = preSolution
		HideSolutionNode = FALSE
	EndGlobalSection
	GlobalSection(ExtensibilityGlobals) = postSolution
		SolutionGuid = {6F7B657B-8952-4DD4-81BA-E6B62565DF1A}
	EndGlobalSection
EndGlobal
