
Microsoft Visual Studio Solution File, Format Version 12.00
# Visual Studio Version 16
VisualStudioVersion = 16.0.32106.194
MinimumVisualStudioVersion = 10.0.40219.1
Project("{FAE04EC0-301F-11D3-BF4B-00C04F79EFBC}") = "C73", "C73\C73.csproj", "{D5601BFA-35E6-46F2-85FB-4A31CDEADFDE}"
EndProject
Global
	GlobalSection(SolutionConfigurationPlatforms) = preSolution
		Debug|Any CPU = Debug|Any CPU
		Release|Any CPU = Release|Any CPU
	EndGlobalSection
	GlobalSection(ProjectConfigurationPlatforms) = postSolution
		{D5601BFA-35E6-46F2-85FB-4A31CDEADFDE}.Debug|Any CPU.ActiveCfg = Debug|Any CPU
		{D5601BFA-35E6-46F2-85FB-4A31CDEADFDE}.Debug|Any CPU.Build.0 = Debug|Any CPU
		{D5601BFA-35E6-46F2-85FB-4A31CDEADFDE}.Release|Any CPU.ActiveCfg = Release|Any CPU
		{D5601BFA-35E6-46F2-85FB-4A31CDEADFDE}.Release|Any CPU.Build.0 = Release|Any CPU
	EndGlobalSection
	GlobalSection(SolutionProperties) = preSolution
		HideSolutionNode = FALSE
	EndGlobalSection
	GlobalSection(ExtensibilityGlobals) = postSolution
		SolutionGuid = {64C9F923-63F2-43DD-A59A-E085760A69C1}
	EndGlobalSection
EndGlobal
