
Microsoft Visual Studio Solution File, Format Version 12.00
# Visual Studio Version 16
VisualStudioVersion = 16.0.32106.194
MinimumVisualStudioVersion = 10.0.40219.1
Project("{FAE04EC0-301F-11D3-BF4B-00C04F79EFBC}") = "MoreC31", "MoreC31\MoreC31.csproj", "{BDA9139E-917E-4D6C-9C95-DCC1D47625A1}"
EndProject
Global
	GlobalSection(SolutionConfigurationPlatforms) = preSolution
		Debug|Any CPU = Debug|Any CPU
		Release|Any CPU = Release|Any CPU
	EndGlobalSection
	GlobalSection(ProjectConfigurationPlatforms) = postSolution
		{BDA9139E-917E-4D6C-9C95-DCC1D47625A1}.Debug|Any CPU.ActiveCfg = Debug|Any CPU
		{BDA9139E-917E-4D6C-9C95-DCC1D47625A1}.Debug|Any CPU.Build.0 = Debug|Any CPU
		{BDA9139E-917E-4D6C-9C95-DCC1D47625A1}.Release|Any CPU.ActiveCfg = Release|Any CPU
		{BDA9139E-917E-4D6C-9C95-DCC1D47625A1}.Release|Any CPU.Build.0 = Release|Any CPU
	EndGlobalSection
	GlobalSection(SolutionProperties) = preSolution
		HideSolutionNode = FALSE
	EndGlobalSection
	GlobalSection(ExtensibilityGlobals) = postSolution
		SolutionGuid = {733B1FD6-1589-4CB8-BDAA-0B1DD7C2BF7A}
	EndGlobalSection
EndGlobal
