
Microsoft Visual Studio Solution File, Format Version 12.00
# Visual Studio Version 16
VisualStudioVersion = 16.0.32106.194
MinimumVisualStudioVersion = 10.0.40219.1
Project("{FAE04EC0-301F-11D3-BF4B-00C04F79EFBC}") = "C26", "C26\C26.csproj", "{901ABEBD-008C-4EAE-A306-9D0BFE47D589}"
EndProject
Global
	GlobalSection(SolutionConfigurationPlatforms) = preSolution
		Debug|Any CPU = Debug|Any CPU
		Release|Any CPU = Release|Any CPU
	EndGlobalSection
	GlobalSection(ProjectConfigurationPlatforms) = postSolution
		{901ABEBD-008C-4EAE-A306-9D0BFE47D589}.Debug|Any CPU.ActiveCfg = Debug|Any CPU
		{901ABEBD-008C-4EAE-A306-9D0BFE47D589}.Debug|Any CPU.Build.0 = Debug|Any CPU
		{901ABEBD-008C-4EAE-A306-9D0BFE47D589}.Release|Any CPU.ActiveCfg = Release|Any CPU
		{901ABEBD-008C-4EAE-A306-9D0BFE47D589}.Release|Any CPU.Build.0 = Release|Any CPU
	EndGlobalSection
	GlobalSection(SolutionProperties) = preSolution
		HideSolutionNode = FALSE
	EndGlobalSection
	GlobalSection(ExtensibilityGlobals) = postSolution
		SolutionGuid = {DA10EDE5-3FB6-4AB7-82E0-77C271EBE72C}
	EndGlobalSection
EndGlobal
