
Microsoft Visual Studio Solution File, Format Version 12.00
# Visual Studio Version 16
VisualStudioVersion = 16.0.32106.194
MinimumVisualStudioVersion = 10.0.40219.1
Project("{FAE04EC0-301F-11D3-BF4B-00C04F79EFBC}") = "C16", "C16\C16.csproj", "{716EE6BB-A597-4D88-8F31-2DE23E9CDDF4}"
EndProject
Global
	GlobalSection(SolutionConfigurationPlatforms) = preSolution
		Debug|Any CPU = Debug|Any CPU
		Release|Any CPU = Release|Any CPU
	EndGlobalSection
	GlobalSection(ProjectConfigurationPlatforms) = postSolution
		{716EE6BB-A597-4D88-8F31-2DE23E9CDDF4}.Debug|Any CPU.ActiveCfg = Debug|Any CPU
		{716EE6BB-A597-4D88-8F31-2DE23E9CDDF4}.Debug|Any CPU.Build.0 = Debug|Any CPU
		{716EE6BB-A597-4D88-8F31-2DE23E9CDDF4}.Release|Any CPU.ActiveCfg = Release|Any CPU
		{716EE6BB-A597-4D88-8F31-2DE23E9CDDF4}.Release|Any CPU.Build.0 = Release|Any CPU
	EndGlobalSection
	GlobalSection(SolutionProperties) = preSolution
		HideSolutionNode = FALSE
	EndGlobalSection
	GlobalSection(ExtensibilityGlobals) = postSolution
		SolutionGuid = {CC49302B-4CBC-4511-B9A6-F40BC112ECA5}
	EndGlobalSection
EndGlobal
