
Microsoft Visual Studio Solution File, Format Version 12.00
# Visual Studio Version 16
VisualStudioVersion = 16.0.32106.194
MinimumVisualStudioVersion = 10.0.40219.1
Project("{FAE04EC0-301F-11D3-BF4B-00C04F79EFBC}") = "C57", "C57\C57.csproj", "{D8C16133-F5FC-4242-A6FF-12EAB2C2036B}"
EndProject
Global
	GlobalSection(SolutionConfigurationPlatforms) = preSolution
		Debug|Any CPU = Debug|Any CPU
		Release|Any CPU = Release|Any CPU
	EndGlobalSection
	GlobalSection(ProjectConfigurationPlatforms) = postSolution
		{D8C16133-F5FC-4242-A6FF-12EAB2C2036B}.Debug|Any CPU.ActiveCfg = Debug|Any CPU
		{D8C16133-F5FC-4242-A6FF-12EAB2C2036B}.Debug|Any CPU.Build.0 = Debug|Any CPU
		{D8C16133-F5FC-4242-A6FF-12EAB2C2036B}.Release|Any CPU.ActiveCfg = Release|Any CPU
		{D8C16133-F5FC-4242-A6FF-12EAB2C2036B}.Release|Any CPU.Build.0 = Release|Any CPU
	EndGlobalSection
	GlobalSection(SolutionProperties) = preSolution
		HideSolutionNode = FALSE
	EndGlobalSection
	GlobalSection(ExtensibilityGlobals) = postSolution
		SolutionGuid = {D7A56EEE-E8EF-4D5F-B096-59DE2E8BED59}
	EndGlobalSection
EndGlobal
