
Microsoft Visual Studio Solution File, Format Version 12.00
# Visual Studio Version 16
VisualStudioVersion = 16.0.32106.194
MinimumVisualStudioVersion = 10.0.40219.1
Project("{FAE04EC0-301F-11D3-BF4B-00C04F79EFBC}") = "MoreC8", "MoreC8\MoreC8.csproj", "{ADBFD616-D0DF-4194-BC3C-877C3AFD1CFA}"
EndProject
Global
	GlobalSection(SolutionConfigurationPlatforms) = preSolution
		Debug|Any CPU = Debug|Any CPU
		Release|Any CPU = Release|Any CPU
	EndGlobalSection
	GlobalSection(ProjectConfigurationPlatforms) = postSolution
		{ADBFD616-D0DF-4194-BC3C-877C3AFD1CFA}.Debug|Any CPU.ActiveCfg = Debug|Any CPU
		{ADBFD616-D0DF-4194-BC3C-877C3AFD1CFA}.Debug|Any CPU.Build.0 = Debug|Any CPU
		{ADBFD616-D0DF-4194-BC3C-877C3AFD1CFA}.Release|Any CPU.ActiveCfg = Release|Any CPU
		{ADBFD616-D0DF-4194-BC3C-877C3AFD1CFA}.Release|Any CPU.Build.0 = Release|Any CPU
	EndGlobalSection
	GlobalSection(SolutionProperties) = preSolution
		HideSolutionNode = FALSE
	EndGlobalSection
	GlobalSection(ExtensibilityGlobals) = postSolution
		SolutionGuid = {60788660-4222-4B97-8F5D-F30A400CF711}
	EndGlobalSection
EndGlobal
