
Microsoft Visual Studio Solution File, Format Version 12.00
# Visual Studio Version 16
VisualStudioVersion = 16.0.32106.194
MinimumVisualStudioVersion = 10.0.40219.1
Project("{FAE04EC0-301F-11D3-BF4B-00C04F79EFBC}") = "C37", "C37\C37.csproj", "{E775E225-4B2D-41DC-8C68-D7EBAB251842}"
EndProject
Global
	GlobalSection(SolutionConfigurationPlatforms) = preSolution
		Debug|Any CPU = Debug|Any CPU
		Release|Any CPU = Release|Any CPU
	EndGlobalSection
	GlobalSection(ProjectConfigurationPlatforms) = postSolution
		{E775E225-4B2D-41DC-8C68-D7EBAB251842}.Debug|Any CPU.ActiveCfg = Debug|Any CPU
		{E775E225-4B2D-41DC-8C68-D7EBAB251842}.Debug|Any CPU.Build.0 = Debug|Any CPU
		{E775E225-4B2D-41DC-8C68-D7EBAB251842}.Release|Any CPU.ActiveCfg = Release|Any CPU
		{E775E225-4B2D-41DC-8C68-D7EBAB251842}.Release|Any CPU.Build.0 = Release|Any CPU
	EndGlobalSection
	GlobalSection(SolutionProperties) = preSolution
		HideSolutionNode = FALSE
	EndGlobalSection
	GlobalSection(ExtensibilityGlobals) = postSolution
		SolutionGuid = {77F89694-1E49-4D8C-98C7-3FF19E9B73BC}
	EndGlobalSection
EndGlobal
