
Microsoft Visual Studio Solution File, Format Version 12.00
# Visual Studio Version 16
VisualStudioVersion = 16.0.32106.194
MinimumVisualStudioVersion = 10.0.40219.1
Project("{FAE04EC0-301F-11D3-BF4B-00C04F79EFBC}") = "C70", "C70\C70.csproj", "{0D55806D-2F37-4192-8BD3-DC76867D5DC8}"
EndProject
Global
	GlobalSection(SolutionConfigurationPlatforms) = preSolution
		Debug|Any CPU = Debug|Any CPU
		Release|Any CPU = Release|Any CPU
	EndGlobalSection
	GlobalSection(ProjectConfigurationPlatforms) = postSolution
		{0D55806D-2F37-4192-8BD3-DC76867D5DC8}.Debug|Any CPU.ActiveCfg = Debug|Any CPU
		{0D55806D-2F37-4192-8BD3-DC76867D5DC8}.Debug|Any CPU.Build.0 = Debug|Any CPU
		{0D55806D-2F37-4192-8BD3-DC76867D5DC8}.Release|Any CPU.ActiveCfg = Release|Any CPU
		{0D55806D-2F37-4192-8BD3-DC76867D5DC8}.Release|Any CPU.Build.0 = Release|Any CPU
	EndGlobalSection
	GlobalSection(SolutionProperties) = preSolution
		HideSolutionNode = FALSE
	EndGlobalSection
	GlobalSection(ExtensibilityGlobals) = postSolution
		SolutionGuid = {1B19FAA8-0282-4BD4-8149-12C68EA91E2F}
	EndGlobalSection
EndGlobal
