
Microsoft Visual Studio Solution File, Format Version 12.00
# Visual Studio Version 16
VisualStudioVersion = 16.0.32106.194
MinimumVisualStudioVersion = 10.0.40219.1
Project("{FAE04EC0-301F-11D3-BF4B-00C04F79EFBC}") = "MoreC18", "MoreC18\MoreC18.csproj", "{E7F99940-8D82-443A-B2FF-EF535E01DE6F}"
EndProject
Global
	GlobalSection(SolutionConfigurationPlatforms) = preSolution
		Debug|Any CPU = Debug|Any CPU
		Release|Any CPU = Release|Any CPU
	EndGlobalSection
	GlobalSection(ProjectConfigurationPlatforms) = postSolution
		{E7F99940-8D82-443A-B2FF-EF535E01DE6F}.Debug|Any CPU.ActiveCfg = Debug|Any CPU
		{E7F99940-8D82-443A-B2FF-EF535E01DE6F}.Debug|Any CPU.Build.0 = Debug|Any CPU
		{E7F99940-8D82-443A-B2FF-EF535E01DE6F}.Release|Any CPU.ActiveCfg = Release|Any CPU
		{E7F99940-8D82-443A-B2FF-EF535E01DE6F}.Release|Any CPU.Build.0 = Release|Any CPU
	EndGlobalSection
	GlobalSection(SolutionProperties) = preSolution
		HideSolutionNode = FALSE
	EndGlobalSection
	GlobalSection(ExtensibilityGlobals) = postSolution
		SolutionGuid = {A485A24E-4671-4CFA-AAB7-D8D642A713F3}
	EndGlobalSection
EndGlobal
