
Microsoft Visual Studio Solution File, Format Version 12.00
# Visual Studio Version 16
VisualStudioVersion = 16.0.32106.194
MinimumVisualStudioVersion = 10.0.40219.1
Project("{FAE04EC0-301F-11D3-BF4B-00C04F79EFBC}") = "MoreC49", "MoreC49\MoreC49.csproj", "{A97925A7-0786-4691-B226-47D770443975}"
EndProject
Global
	GlobalSection(SolutionConfigurationPlatforms) = preSolution
		Debug|Any CPU = Debug|Any CPU
		Release|Any CPU = Release|Any CPU
	EndGlobalSection
	GlobalSection(ProjectConfigurationPlatforms) = postSolution
		{A97925A7-0786-4691-B226-47D770443975}.Debug|Any CPU.ActiveCfg = Debug|Any CPU
		{A97925A7-0786-4691-B226-47D770443975}.Debug|Any CPU.Build.0 = Debug|Any CPU
		{A97925A7-0786-4691-B226-47D770443975}.Release|Any CPU.ActiveCfg = Release|Any CPU
		{A97925A7-0786-4691-B226-47D770443975}.Release|Any CPU.Build.0 = Release|Any CPU
	EndGlobalSection
	GlobalSection(SolutionProperties) = preSolution
		HideSolutionNode = FALSE
	EndGlobalSection
	GlobalSection(ExtensibilityGlobals) = postSolution
		SolutionGuid = {2C90FC91-5A4E-4BE6-BB6A-3EFCE59759AA}
	EndGlobalSection
EndGlobal
