
Microsoft Visual Studio Solution File, Format Version 12.00
# Visual Studio Version 16
VisualStudioVersion = 16.0.32106.194
MinimumVisualStudioVersion = 10.0.40219.1
Project("{FAE04EC0-301F-11D3-BF4B-00C04F79EFBC}") = "MoreC5", "MoreC5\MoreC5.csproj", "{74AB44AC-9C2E-4513-B93A-E4C8939B1B3B}"
EndProject
Global
	GlobalSection(SolutionConfigurationPlatforms) = preSolution
		Debug|Any CPU = Debug|Any CPU
		Release|Any CPU = Release|Any CPU
	EndGlobalSection
	GlobalSection(ProjectConfigurationPlatforms) = postSolution
		{74AB44AC-9C2E-4513-B93A-E4C8939B1B3B}.Debug|Any CPU.ActiveCfg = Debug|Any CPU
		{74AB44AC-9C2E-4513-B93A-E4C8939B1B3B}.Debug|Any CPU.Build.0 = Debug|Any CPU
		{74AB44AC-9C2E-4513-B93A-E4C8939B1B3B}.Release|Any CPU.ActiveCfg = Release|Any CPU
		{74AB44AC-9C2E-4513-B93A-E4C8939B1B3B}.Release|Any CPU.Build.0 = Release|Any CPU
	EndGlobalSection
	GlobalSection(SolutionProperties) = preSolution
		HideSolutionNode = FALSE
	EndGlobalSection
	GlobalSection(ExtensibilityGlobals) = postSolution
		SolutionGuid = {BF61E8E7-5DFC-438B-9576-1D0F643B71E3}
	EndGlobalSection
EndGlobal
