
Microsoft Visual Studio Solution File, Format Version 12.00
# Visual Studio Version 16
VisualStudioVersion = 16.0.32106.194
MinimumVisualStudioVersion = 10.0.40219.1
Project("{FAE04EC0-301F-11D3-BF4B-00C04F79EFBC}") = "C43", "C43\C43.csproj", "{ECB5B960-CCBE-4FD8-92AA-70D9DF203C8F}"
EndProject
Global
	GlobalSection(SolutionConfigurationPlatforms) = preSolution
		Debug|Any CPU = Debug|Any CPU
		Release|Any CPU = Release|Any CPU
	EndGlobalSection
	GlobalSection(ProjectConfigurationPlatforms) = postSolution
		{ECB5B960-CCBE-4FD8-92AA-70D9DF203C8F}.Debug|Any CPU.ActiveCfg = Debug|Any CPU
		{ECB5B960-CCBE-4FD8-92AA-70D9DF203C8F}.Debug|Any CPU.Build.0 = Debug|Any CPU
		{ECB5B960-CCBE-4FD8-92AA-70D9DF203C8F}.Release|Any CPU.ActiveCfg = Release|Any CPU
		{ECB5B960-CCBE-4FD8-92AA-70D9DF203C8F}.Release|Any CPU.Build.0 = Release|Any CPU
	EndGlobalSection
	GlobalSection(SolutionProperties) = preSolution
		HideSolutionNode = FALSE
	EndGlobalSection
	GlobalSection(ExtensibilityGlobals) = postSolution
		SolutionGuid = {FBA0A9AD-4745-4F1B-8B41-1203DD689219}
	EndGlobalSection
EndGlobal
