
Microsoft Visual Studio Solution File, Format Version 12.00
# Visual Studio Version 16
VisualStudioVersion = 16.0.32106.194
MinimumVisualStudioVersion = 10.0.40219.1
Project("{FAE04EC0-301F-11D3-BF4B-00C04F79EFBC}") = "C66", "C66\C66.csproj", "{62490E0F-FA6B-4E52-9901-C53E83DFB64D}"
EndProject
Global
	GlobalSection(SolutionConfigurationPlatforms) = preSolution
		Debug|Any CPU = Debug|Any CPU
		Release|Any CPU = Release|Any CPU
	EndGlobalSection
	GlobalSection(ProjectConfigurationPlatforms) = postSolution
		{62490E0F-FA6B-4E52-9901-C53E83DFB64D}.Debug|Any CPU.ActiveCfg = Debug|Any CPU
		{62490E0F-FA6B-4E52-9901-C53E83DFB64D}.Debug|Any CPU.Build.0 = Debug|Any CPU
		{62490E0F-FA6B-4E52-9901-C53E83DFB64D}.Release|Any CPU.ActiveCfg = Release|Any CPU
		{62490E0F-FA6B-4E52-9901-C53E83DFB64D}.Release|Any CPU.Build.0 = Release|Any CPU
	EndGlobalSection
	GlobalSection(SolutionProperties) = preSolution
		HideSolutionNode = FALSE
	EndGlobalSection
	GlobalSection(ExtensibilityGlobals) = postSolution
		SolutionGuid = {C34E1F42-427F-474A-9E84-FE0305CD1810}
	EndGlobalSection
EndGlobal
