
Microsoft Visual Studio Solution File, Format Version 12.00
# Visual Studio Version 16
VisualStudioVersion = 16.0.32106.194
MinimumVisualStudioVersion = 10.0.40219.1
Project("{FAE04EC0-301F-11D3-BF4B-00C04F79EFBC}") = "MoreC19", "MoreC19\MoreC19.csproj", "{A313ABEB-56B4-4A91-9846-130EA2DEE2C3}"
EndProject
Global
	GlobalSection(SolutionConfigurationPlatforms) = preSolution
		Debug|Any CPU = Debug|Any CPU
		Release|Any CPU = Release|Any CPU
	EndGlobalSection
	GlobalSection(ProjectConfigurationPlatforms) = postSolution
		{A313ABEB-56B4-4A91-9846-130EA2DEE2C3}.Debug|Any CPU.ActiveCfg = Debug|Any CPU
		{A313ABEB-56B4-4A91-9846-130EA2DEE2C3}.Debug|Any CPU.Build.0 = Debug|Any CPU
		{A313ABEB-56B4-4A91-9846-130EA2DEE2C3}.Release|Any CPU.ActiveCfg = Release|Any CPU
		{A313ABEB-56B4-4A91-9846-130EA2DEE2C3}.Release|Any CPU.Build.0 = Release|Any CPU
	EndGlobalSection
	GlobalSection(SolutionProperties) = preSolution
		HideSolutionNode = FALSE
	EndGlobalSection
	GlobalSection(ExtensibilityGlobals) = postSolution
		SolutionGuid = {F0800EBB-59E7-410A-A6D4-F106AEA106BF}
	EndGlobalSection
EndGlobal
