
Microsoft Visual Studio Solution File, Format Version 12.00
# Visual Studio Version 16
VisualStudioVersion = 16.0.32106.194
MinimumVisualStudioVersion = 10.0.40219.1
Project("{FAE04EC0-301F-11D3-BF4B-00C04F79EFBC}") = "MoreC32", "MoreC32\MoreC32.csproj", "{A72711E8-1B81-479D-BE08-F39E40FB49AF}"
EndProject
Global
	GlobalSection(SolutionConfigurationPlatforms) = preSolution
		Debug|Any CPU = Debug|Any CPU
		Release|Any CPU = Release|Any CPU
	EndGlobalSection
	GlobalSection(ProjectConfigurationPlatforms) = postSolution
		{A72711E8-1B81-479D-BE08-F39E40FB49AF}.Debug|Any CPU.ActiveCfg = Debug|Any CPU
		{A72711E8-1B81-479D-BE08-F39E40FB49AF}.Debug|Any CPU.Build.0 = Debug|Any CPU
		{A72711E8-1B81-479D-BE08-F39E40FB49AF}.Release|Any CPU.ActiveCfg = Release|Any CPU
		{A72711E8-1B81-479D-BE08-F39E40FB49AF}.Release|Any CPU.Build.0 = Release|Any CPU
	EndGlobalSection
	GlobalSection(SolutionProperties) = preSolution
		HideSolutionNode = FALSE
	EndGlobalSection
	GlobalSection(ExtensibilityGlobals) = postSolution
		SolutionGuid = {1576EB67-DB20-42D9-96BB-282201D0C67F}
	EndGlobalSection
EndGlobal
