
Microsoft Visual Studio Solution File, Format Version 12.00
# Visual Studio Version 16
VisualStudioVersion = 16.0.32106.194
MinimumVisualStudioVersion = 10.0.40219.1
Project("{FAE04EC0-301F-11D3-BF4B-00C04F79EFBC}") = "MoreC17", "MoreC17\MoreC17.csproj", "{6B8E91AF-32B8-4559-A2B7-8526673612DF}"
EndProject
Global
	GlobalSection(SolutionConfigurationPlatforms) = preSolution
		Debug|Any CPU = Debug|Any CPU
		Release|Any CPU = Release|Any CPU
	EndGlobalSection
	GlobalSection(ProjectConfigurationPlatforms) = postSolution
		{6B8E91AF-32B8-4559-A2B7-8526673612DF}.Debug|Any CPU.ActiveCfg = Debug|Any CPU
		{6B8E91AF-32B8-4559-A2B7-8526673612DF}.Debug|Any CPU.Build.0 = Debug|Any CPU
		{6B8E91AF-32B8-4559-A2B7-8526673612DF}.Release|Any CPU.ActiveCfg = Release|Any CPU
		{6B8E91AF-32B8-4559-A2B7-8526673612DF}.Release|Any CPU.Build.0 = Release|Any CPU
	EndGlobalSection
	GlobalSection(SolutionProperties) = preSolution
		HideSolutionNode = FALSE
	EndGlobalSection
	GlobalSection(ExtensibilityGlobals) = postSolution
		SolutionGuid = {FAF84D45-48D8-4951-8CA0-1B3543115783}
	EndGlobalSection
EndGlobal
