
Microsoft Visual Studio Solution File, Format Version 12.00
# Visual Studio Version 16
VisualStudioVersion = 16.0.32106.194
MinimumVisualStudioVersion = 10.0.40219.1
Project("{FAE04EC0-301F-11D3-BF4B-00C04F79EFBC}") = "MoreC12", "MoreC12\MoreC12.csproj", "{8585C8BB-9CDB-4E60-B96F-B5C91C151B58}"
EndProject
Global
	GlobalSection(SolutionConfigurationPlatforms) = preSolution
		Debug|Any CPU = Debug|Any CPU
		Release|Any CPU = Release|Any CPU
	EndGlobalSection
	GlobalSection(ProjectConfigurationPlatforms) = postSolution
		{8585C8BB-9CDB-4E60-B96F-B5C91C151B58}.Debug|Any CPU.ActiveCfg = Debug|Any CPU
		{8585C8BB-9CDB-4E60-B96F-B5C91C151B58}.Debug|Any CPU.Build.0 = Debug|Any CPU
		{8585C8BB-9CDB-4E60-B96F-B5C91C151B58}.Release|Any CPU.ActiveCfg = Release|Any CPU
		{8585C8BB-9CDB-4E60-B96F-B5C91C151B58}.Release|Any CPU.Build.0 = Release|Any CPU
	EndGlobalSection
	GlobalSection(SolutionProperties) = preSolution
		HideSolutionNode = FALSE
	EndGlobalSection
	GlobalSection(ExtensibilityGlobals) = postSolution
		SolutionGuid = {F67BF3C2-ADF6-4E23-A1C9-4D91DF926103}
	EndGlobalSection
EndGlobal
